// !$*UTF8*$!
{
	archiveVersion = 1;
	classes = {
	};
	objectVersion = 48;
	objects = {

/* Begin PBXBuildFile section */
		EE1785561F9A29B8004FAA7B /* AppDelegate.swift in Sources */ = {isa = PBXBuildFile; fileRef = EE1785551F9A29B8004FAA7B /* AppDelegate.swift */; };
		EE1785581F9A29B8004FAA7B /* ViewController.swift in Sources */ = {isa = PBXBuildFile; fileRef = EE1785571F9A29B8004FAA7B /* ViewController.swift */; };
		EE17855B1F9A29B8004FAA7B /* Main.storyboard in Resources */ = {isa = PBXBuildFile; fileRef = EE1785591F9A29B8004FAA7B /* Main.storyboard */; };
		EE17855D1F9A29B8004FAA7B /* Assets.xcassets in Resources */ = {isa = PBXBuildFile; fileRef = EE17855C1F9A29B8004FAA7B /* Assets.xcassets */; };
		EE1785601F9A29B8004FAA7B /* LaunchScreen.storyboard in Resources */ = {isa = PBXBuildFile; fileRef = EE17855E1F9A29B8004FAA7B /* LaunchScreen.storyboard */; };
		EE1785691F9A317D004FAA7B /* arbreDeGit.png in Resources */ = {isa = PBXBuildFile; fileRef = EE1785681F9A317B004FAA7B /* arbreDeGit.png */; };
/* End PBXBuildFile section */

/* Begin PBXFileReference section */
		EE1785521F9A29B8004FAA7B /* git-premier-pas.app */ = {isa = PBXFileReference; explicitFileType = wrapper.application; includeInIndex = 0; path = "git-premier-pas.app"; sourceTree = BUILT_PRODUCTS_DIR; };
		EE1785551F9A29B8004FAA7B /* AppDelegate.swift */ = {isa = PBXFileReference; lastKnownFileType = sourcecode.swift; path = AppDelegate.swift; sourceTree = "<group>"; };
		EE1785571F9A29B8004FAA7B /* ViewController.swift */ = {isa = PBXFileReference; lastKnownFileType = sourcecode.swift; path = ViewController.swift; sourceTree = "<group>"; };
		EE17855A1F9A29B8004FAA7B /* Base */ = {isa = PBXFileReference; lastKnownFileType = file.storyboard; name = Base; path = Base.lproj/Main.storyboard; sourceTree = "<group>"; };
		EE17855C1F9A29B8004FAA7B /* Assets.xcassets */ = {isa = PBXFileReference; lastKnownFileType = folder.assetcatalog; path = Assets.xcassets; sourceTree = "<group>"; };
		EE17855F1F9A29B8004FAA7B /* Base */ = {isa = PBXFileReference; lastKnownFileType = file.storyboard; name = Base; path = Base.lproj/LaunchScreen.storyboard; sourceTree = "<group>"; };
		EE1785611F9A29B8004FAA7B /* Info.plist */ = {isa = PBXFileReference; lastKnownFileType = text.plist.xml; path = Info.plist; sourceTree = "<group>"; };
		EE1785681F9A317B004FAA7B /* arbreDeGit.png */ = {isa = PBXFileReference; lastKnownFileType = image.png; path = arbreDeGit.png; sourceTree = "<group>"; };
/* End PBXFileReference section */

/* Begin PBXFrameworksBuildPhase section */
		EE17854F1F9A29B8004FAA7B /* Frameworks */ = {
			isa = PBXFrameworksBuildPhase;
			buildActionMask = 2147483647;
			files = (
			);
			runOnlyForDeploymentPostprocessing = 0;
		};
/* End PBXFrameworksBuildPhase section */

/* Begin PBXGroup section */
		EE1785491F9A29B8004FAA7B = {
			isa = PBXGroup;
			children = (
				EE1785541F9A29B8004FAA7B /* git-premier-pas */,
				EE1785531F9A29B8004FAA7B /* Products */,
			);
			sourceTree = "<group>";
		};
		EE1785531F9A29B8004FAA7B /* Products */ = {
			isa = PBXGroup;
			children = (
				EE1785521F9A29B8004FAA7B /* git-premier-pas.app */,
			);
			name = Products;
			sourceTree = "<group>";
		};
		EE1785541F9A29B8004FAA7B /* git-premier-pas */ = {
			isa = PBXGroup;
			children = (
				EE1785671F9A315D004FAA7B /* Ressources */,
				EE1785551F9A29B8004FAA7B /* AppDelegate.swift */,
				EE1785571F9A29B8004FAA7B /* ViewController.swift */,
				EE1785591F9A29B8004FAA7B /* Main.storyboard */,
				EE17855C1F9A29B8004FAA7B /* Assets.xcassets */,
				EE17855E1F9A29B8004FAA7B /* LaunchScreen.storyboard */,
				EE1785611F9A29B8004FAA7B /* Info.plist */,
			);
			path = "git-premier-pas";
			sourceTree = "<group>";
		};
		EE1785671F9A315D004FAA7B /* Ressources */ = {
			isa = PBXGroup;
			children = (
				EE1785681F9A317B004FAA7B /* arbreDeGit.png */,
			);
			path = Ressources;
			sourceTree = "<group>";
		};
/* End PBXGroup section */

/* Begin PBXNativeTarget section */
		EE1785511F9A29B8004FAA7B /* git-premier-pas */ = {
			isa = PBXNativeTarget;
			buildConfigurationList = EE1785641F9A29B8004FAA7B /* Build configuration list for PBXNativeTarget "git-premier-pas" */;
			buildPhases = (
				EE17854E1F9A29B8004FAA7B /* Sources */,
				EE17854F1F9A29B8004FAA7B /* Frameworks */,
				EE1785501F9A29B8004FAA7B /* Resources */,
			);
			buildRules = (
			);
			dependencies = (
			);
			name = "git-premier-pas";
			productName = "git-premier-pas";
			productReference = EE1785521F9A29B8004FAA7B /* git-premier-pas.app */;
			productType = "com.apple.product-type.application";
		};
/* End PBXNativeTarget section */

/* Begin PBXProject section */
		EE17854A1F9A29B8004FAA7B /* Project object */ = {
			isa = PBXProject;
			attributes = {
				LastSwiftUpdateCheck = 0900;
				LastUpgradeCheck = 0900;
				ORGANIZATIONNAME = gitgit;
				TargetAttributes = {
					EE1785511F9A29B8004FAA7B = {
						CreatedOnToolsVersion = 9.0;
						ProvisioningStyle = Automatic;
					};
				};
			};
			buildConfigurationList = EE17854D1F9A29B8004FAA7B /* Build configuration list for PBXProject "git-premier-pas" */;
			compatibilityVersion = "Xcode 8.0";
			developmentRegion = en;
			hasScannedForEncodings = 0;
			knownRegions = (
				en,
				Base,
			);
			mainGroup = EE1785491F9A29B8004FAA7B;
			productRefGroup = EE1785531F9A29B8004FAA7B /* Products */;
			projectDirPath = "";
			projectRoot = "";
			targets = (
				EE1785511F9A29B8004FAA7B /* git-premier-pas */,
			);
		};
/* End PBXProject section */

/* Begin PBXResourcesBuildPhase section */
		EE1785501F9A29B8004FAA7B /* Resources */ = {
			isa = PBXResourcesBuildPhase;
			buildActionMask = 2147483647;
			files = (
				EE1785601F9A29B8004FAA7B /* LaunchScreen.storyboard in Resources */,
				EE17855D1F9A29B8004FAA7B /* Assets.xcassets in Resources */,
				EE1785691F9A317D004FAA7B /* arbreDeGit.png in Resources */,
				EE17855B1F9A29B8004FAA7B /* Main.storyboard in Resources */,
			);
			runOnlyForDeploymentPostprocessing = 0;
		};
/* End PBXResourcesBuildPhase section */

/* Begin PBXSourcesBuildPhase section */
		EE17854E1F9A29B8004FAA7B /* Sources */ = {
			isa = PBXSourcesBuildPhase;
			buildActionMask = 2147483647;
			files = (
				EE1785581F9A29B8004FAA7B /* ViewController.swift in Sources */,
				EE1785561F9A29B8004FAA7B /* AppDelegate.swift in Sources */,
			);
			runOnlyForDeploymentPostprocessing = 0;
		};
/* End PBXSourcesBuildPhase section */

/* Begin PBXVariantGroup section */
		EE1785591F9A29B8004FAA7B /* Main.storyboard */ = {
			isa = PBXVariantGroup;
			children = (
				EE17855A1F9A29B8004FAA7B /* Base */,
			);
			name = Main.storyboard;
			sourceTree = "<group>";
		};
		EE17855E1F9A29B8004FAA7B /* LaunchScreen.storyboard */ = {
			isa = PBXVariantGroup;
			children = (
				EE17855F1F9A29B8004FAA7B /* Base */,
			);
			name = LaunchScreen.storyboard;
			sourceTree = "<group>";
		};
/* End PBXVariantGroup section */

/* Begin XCBuildConfiguration section */
		EE1785621F9A29B8004FAA7B /* Debug */ = {
			isa = XCBuildConfiguration;
			buildSettings = {
				ALWAYS_SEARCH_USER_PATHS = NO;
				CLANG_ANALYZER_NONNULL = YES;
				CLANG_ANALYZER_NUMBER_OBJECT_CONVERSION = YES_AGGRESSIVE;
				CLANG_CXX_LANGUAGE_STANDARD = "gnu++14";
				CLANG_CXX_LIBRARY = "libc++";
				CLANG_ENABLE_MODULES = YES;
				CLANG_ENABLE_OBJC_ARC = YES;
				CLANG_WARN_BLOCK_CAPTURE_AUTORELEASING = YES;
				CLANG_WARN_BOOL_CONVERSION = YES;
				CLANG_WARN_COMMA = YES;
				CLANG_WARN_CONSTANT_CONVERSION = YES;
				CLANG_WARN_DIRECT_OBJC_ISA_USAGE = YES_ERROR;
				CLANG_WARN_DOCUMENTATION_COMMENTS = YES;
				CLANG_WARN_EMPTY_BODY = YES;
				CLANG_WARN_ENUM_CONVERSION = YES;
				CLANG_WARN_INFINITE_RECURSION = YES;
				CLANG_WARN_INT_CONVERSION = YES;
				CLANG_WARN_NON_LITERAL_NULL_CONVERSION = YES;
				CLANG_WARN_OBJC_LITERAL_CONVERSION = YES;
				CLANG_WARN_OBJC_ROOT_CLASS = YES_ERROR;
				CLANG_WARN_RANGE_LOOP_ANALYSIS = YES;
				CLANG_WARN_STRICT_PROTOTYPES = YES;
				CLANG_WARN_SUSPICIOUS_MOVE = YES;
				CLANG_WARN_UNGUARDED_AVAILABILITY = YES_AGGRESSIVE;
				CLANG_WARN_UNREACHABLE_CODE = YES;
				CLANG_WARN__DUPLICATE_METHOD_MATCH = YES;
				CODE_SIGN_IDENTITY = "iPhone Developer";
				COPY_PHASE_STRIP = NO;
				DEBUG_INFORMATION_FORMAT = dwarf;
				ENABLE_STRICT_OBJC_MSGSEND = YES;
				ENABLE_TESTABILITY = YES;
				GCC_C_LANGUAGE_STANDARD = gnu11;
				GCC_DYNAMIC_NO_PIC = NO;
				GCC_NO_COMMON_BLOCKS = YES;
				GCC_OPTIMIZATION_LEVEL = 0;
				GCC_PREPROCESSOR_DEFINITIONS = (
					"DEBUG=1",
					"$(inherited)",
				);
				GCC_WARN_64_TO_32_BIT_CONVERSION = YES;
				GCC_WARN_ABOUT_RETURN_TYPE = YES_ERROR;
				GCC_WARN_UNDECLARED_SELECTOR = YES;
				GCC_WARN_UNINITIALIZED_AUTOS = YES_AGGRESSIVE;
				GCC_WARN_UNUSED_FUNCTION = YES;
				GCC_WARN_UNUSED_VARIABLE = YES;
				IPHONEOS_DEPLOYMENT_TARGET = 11.0;
				MTL_ENABLE_DEBUG_INFO = YES;
				ONLY_ACTIVE_ARCH = YES;
				SDKROOT = iphoneos;
				SWIFT_ACTIVE_COMPILATION_CONDITIONS = DEBUG;
				SWIFT_OPTIMIZATION_LEVEL = "-Onone";
			};
			name = Debug;
		};
		EE1785631F9A29B8004FAA7B /* Release */ = {
			isa = XCBuildConfiguration;
			buildSettings = {
				ALWAYS_SEARCH_USER_PATHS = NO;
				CLANG_ANALYZER_NONNULL = YES;
				CLANG_ANALYZER_NUMBER_OBJECT_CONVERSION = YES_AGGRESSIVE;
				CLANG_CXX_LANGUAGE_STANDARD = "gnu++14";
				CLANG_CXX_LIBRARY = "libc++";
				CLANG_ENABLE_MODULES = YES;
				CLANG_ENABLE_OBJC_ARC = YES;
				CLANG_WARN_BLOCK_CAPTURE_AUTORELEASING = YES;
				CLANG_WARN_BOOL_CONVERSION = YES;
				CLANG_WARN_COMMA = YES;
				CLANG_WARN_CONSTANT_CONVERSION = YES;
				CLANG_WARN_DIRECT_OBJC_ISA_USAGE = YES_ERROR;
				CLANG_WARN_DOCUMENTATION_COMMENTS = YES;
				CLANG_WARN_EMPTY_BODY = YES;
				CLANG_WARN_ENUM_CONVERSION = YES;
				CLANG_WARN_INFINITE_RECURSION = YES;
				CLANG_WARN_INT_CONVERSION = YES;
				CLANG_WARN_NON_LITERAL_NULL_CONVERSION = YES;
				CLANG_WARN_OBJC_LITERAL_CONVERSION = YES;
				CLANG_WARN_OBJC_ROOT_CLASS = YES_ERROR;
				CLANG_WARN_RANGE_LOOP_ANALYSIS = YES;
				CLANG_WARN_STRICT_PROTOTYPES = YES;
				CLANG_WARN_SUSPICIOUS_MOVE = YES;
				CLANG_WARN_UNGUARDED_AVAILABILITY = YES_AGGRESSIVE;
				CLANG_WARN_UNREACHABLE_CODE = YES;
				CLANG_WARN__DUPLICATE_METHOD_MATCH = YES;
				CODE_SIGN_IDENTITY = "iPhone Developer";
				COPY_PHASE_STRIP = NO;
				DEBUG_INFORMATION_FORMAT = "dwarf-with-dsym";
				ENABLE_NS_ASSERTIONS = NO;
				ENABLE_STRICT_OBJC_MSGSEND = YES;
				GCC_C_LANGUAGE_STANDARD = gnu11;
				GCC_NO_COMMON_BLOCKS = YES;
				GCC_WARN_64_TO_32_BIT_CONVERSION = YES;
				GCC_WARN_ABOUT_RETURN_TYPE = YES_ERROR;
				GCC_WARN_UNDECLARED_SELECTOR = YES;
				GCC_WARN_UNINITIALIZED_AUTOS = YES_AGGRESSIVE;
				GCC_WARN_UNUSED_FUNCTION = YES;
				GCC_WARN_UNUSED_VARIABLE = YES;
				IPHONEOS_DEPLOYMENT_TARGET = 11.0;
				MTL_ENABLE_DEBUG_INFO = NO;
				SDKROOT = iphoneos;
				SWIFT_OPTIMIZATION_LEVEL = "-Owholemodule";
				VALIDATE_PRODUCT = YES;
			};
			name = Release;
		};
		EE1785651F9A29B8004FAA7B /* Debug */ = {
			isa = XCBuildConfiguration;
			buildSettings = {
				ASSETCATALOG_COMPILER_APPICON_NAME = AppIcon;
				CODE_SIGN_STYLE = Automatic;
				INFOPLIST_FILE = "git-premier-pas/Info.plist";
				LD_RUNPATH_SEARCH_PATHS = "$(inherited) @executable_path/Frameworks";
				PRODUCT_BUNDLE_IDENTIFIER = "toto.git-premier-pas";
				PRODUCT_NAME = "$(TARGET_NAME)";
				SWIFT_VERSION = 4.0;
				TARGETED_DEVICE_FAMILY = "1,2";
			};
			name = Debug;
		};
		EE1785661F9A29B8004FAA7B /* Release */ = {
			isa = XCBuildConfiguration;
			buildSettings = {
				ASSETCATALOG_COMPILER_APPICON_NAME = AppIcon;
				CODE_SIGN_STYLE = Automatic;
				INFOPLIST_FILE = "git-premier-pas/Info.plist";
				LD_RUNPATH_SEARCH_PATHS = "$(inherited) @executable_path/Frameworks";
				PRODUCT_BUNDLE_IDENTIFIER = "toto.git-premier-pas";
				PRODUCT_NAME = "$(TARGET_NAME)";
				SWIFT_VERSION = 4.0;
				TARGETED_DEVICE_FAMILY = "1,2";
			};
			name = Release;
		};
/* End XCBuildConfiguration section */

/* Begin XCConfigurationList section */
		EE17854D1F9A29B8004FAA7B /* Build configuration list for PBXProject "git-premier-pas" */ = {
			isa = XCConfigurationList;
			buildConfigurations = (
				EE1785621F9A29B8004FAA7B /* Debug */,
				EE1785631F9A29B8004FAA7B /* Release */,
			);
			defaultConfigurationIsVisible = 0;
			defaultConfigurationName = Release;
		};
		EE1785641F9A29B8004FAA7B /* Build configuration list for PBXNativeTarget "git-premier-pas" */ = {
			isa = XCConfigurationList;
			buildConfigurations = (
				EE1785651F9A29B8004FAA7B /* Debug */,
				EE1785661F9A29B8004FAA7B /* Release */,
			);
			defaultConfigurationIsVisible = 0;
			defaultConfigurationName = Release;
		};
/* End XCConfigurationList section */
	};
	rootObject = EE17854A1F9A29B8004FAA7B /* Project object */;
}
